
Microsoft Visual Studio Solution File, Format Version 12.00
# Visual Studio 2012
Project("{FAE04EC0-301F-11D3-BF4B-00C04F79EFBC}") = "SimLiCMS", "SimLiCMS\SimLiCMS.csproj", "{067713C0-56E6-4F48-95FD-1A175133CBF9}"
EndProject
Project("{FAE04EC0-301F-11D3-BF4B-00C04F79EFBC}") = "SimLiCMS.Tests", "SimLiCMS.Tests\SimLiCMS.Tests.csproj", "{AE33BEA8-8453-4ADD-A7C6-11325737F67C}"
EndProject
Global
	GlobalSection(SolutionConfigurationPlatforms) = preSolution
		Debug|Any CPU = Debug|Any CPU
		Release|Any CPU = Release|Any CPU
	EndGlobalSection
	GlobalSection(ProjectConfigurationPlatforms) = postSolution
		{067713C0-56E6-4F48-95FD-1A175133CBF9}.Debug|Any CPU.ActiveCfg = Debug|Any CPU
		{067713C0-56E6-4F48-95FD-1A175133CBF9}.Debug|Any CPU.Build.0 = Debug|Any CPU
		{067713C0-56E6-4F48-95FD-1A175133CBF9}.Release|Any CPU.ActiveCfg = Release|Any CPU
		{067713C0-56E6-4F48-95FD-1A175133CBF9}.Release|Any CPU.Build.0 = Release|Any CPU
		{AE33BEA8-8453-4ADD-A7C6-11325737F67C}.Debug|Any CPU.ActiveCfg = Debug|Any CPU
		{AE33BEA8-8453-4ADD-A7C6-11325737F67C}.Debug|Any CPU.Build.0 = Debug|Any CPU
		{AE33BEA8-8453-4ADD-A7C6-11325737F67C}.Release|Any CPU.ActiveCfg = Release|Any CPU
		{AE33BEA8-8453-4ADD-A7C6-11325737F67C}.Release|Any CPU.Build.0 = Release|Any CPU
	EndGlobalSection
	GlobalSection(SolutionProperties) = preSolution
		HideSolutionNode = FALSE
	EndGlobalSection
EndGlobal
